// !$*UTF8*$!
{
	archiveVersion = 1;
	classes = {
	};
	objectVersion = 50;
	objects = {

/* Begin PBXBuildFile section */
		E5F42DB624F4DF0B00224461 /* AppDelegate.swift in Sources */ = {isa = PBXBuildFile; fileRef = E5F42DB524F4DF0B00224461 /* AppDelegate.swift */; };
		E5F42DB824F4DF0B00224461 /* SceneDelegate.swift in Sources */ = {isa = PBXBuildFile; fileRef = E5F42DB724F4DF0B00224461 /* SceneDelegate.swift */; };
		E5F42DBA24F4DF0B00224461 /* ViewController.swift in Sources */ = {isa = PBXBuildFile; fileRef = E5F42DB924F4DF0B00224461 /* ViewController.swift */; };
		E5F42DBD24F4DF0B00224461 /* Main.storyboard in Resources */ = {isa = PBXBuildFile; fileRef = E5F42DBB24F4DF0B00224461 /* Main.storyboard */; };
		E5F42DBF24F4DF0C00224461 /* Assets.xcassets in Resources */ = {isa = PBXBuildFile; fileRef = E5F42DBE24F4DF0C00224461 /* Assets.xcassets */; };
		E5F42DC224F4DF0C00224461 /* LaunchScreen.storyboard in Resources */ = {isa = PBXBuildFile; fileRef = E5F42DC024F4DF0C00224461 /* LaunchScreen.storyboard */; };
/* End PBXBuildFile section */

/* Begin PBXFileReference section */
		E5F42DB224F4DF0B00224461 /* ThirdUIKid.app */ = {isa = PBXFileReference; explicitFileType = wrapper.application; includeInIndex = 0; path = ThirdUIKid.app; sourceTree = BUILT_PRODUCTS_DIR; };
		E5F42DB524F4DF0B00224461 /* AppDelegate.swift */ = {isa = PBXFileReference; lastKnownFileType = sourcecode.swift; path = AppDelegate.swift; sourceTree = "<group>"; };
		E5F42DB724F4DF0B00224461 /* SceneDelegate.swift */ = {isa = PBXFileReference; lastKnownFileType = sourcecode.swift; path = SceneDelegate.swift; sourceTree = "<group>"; };
		E5F42DB924F4DF0B00224461 /* ViewController.swift */ = {isa = PBXFileReference; lastKnownFileType = sourcecode.swift; path = ViewController.swift; sourceTree = "<group>"; };
		E5F42DBC24F4DF0B00224461 /* Base */ = {isa = PBXFileReference; lastKnownFileType = file.storyboard; name = Base; path = Base.lproj/Main.storyboard; sourceTree = "<group>"; };
		E5F42DBE24F4DF0C00224461 /* Assets.xcassets */ = {isa = PBXFileReference; lastKnownFileType = folder.assetcatalog; path = Assets.xcassets; sourceTree = "<group>"; };
		E5F42DC124F4DF0C00224461 /* Base */ = {isa = PBXFileReference; lastKnownFileType = file.storyboard; name = Base; path = Base.lproj/LaunchScreen.storyboard; sourceTree = "<group>"; };
		E5F42DC324F4DF0C00224461 /* Info.plist */ = {isa = PBXFileReference; lastKnownFileType = text.plist.xml; path = Info.plist; sourceTree = "<group>"; };
/* End PBXFileReference section */

/* Begin PBXFrameworksBuildPhase section */
		E5F42DAF24F4DF0B00224461 /* Frameworks */ = {
			isa = PBXFrameworksBuildPhase;
			buildActionMask = 2147483647;
			files = (
			);
			runOnlyForDeploymentPostprocessing = 0;
		};
/* End PBXFrameworksBuildPhase section */

/* Begin PBXGroup section */
		E5F42DA924F4DF0B00224461 = {
			isa = PBXGroup;
			children = (
				E5F42DB424F4DF0B00224461 /* ThirdUIKid */,
				E5F42DB324F4DF0B00224461 /* Products */,
			);
			sourceTree = "<group>";
		};
		E5F42DB324F4DF0B00224461 /* Products */ = {
			isa = PBXGroup;
			children = (
				E5F42DB224F4DF0B00224461 /* ThirdUIKid.app */,
			);
			name = Products;
			sourceTree = "<group>";
		};
		E5F42DB424F4DF0B00224461 /* ThirdUIKid */ = {
			isa = PBXGroup;
			children = (
				E5F42DB524F4DF0B00224461 /* AppDelegate.swift */,
				E5F42DB724F4DF0B00224461 /* SceneDelegate.swift */,
				E5F42DB924F4DF0B00224461 /* ViewController.swift */,
				E5F42DBB24F4DF0B00224461 /* Main.storyboard */,
				E5F42DBE24F4DF0C00224461 /* Assets.xcassets */,
				E5F42DC024F4DF0C00224461 /* LaunchScreen.storyboard */,
				E5F42DC324F4DF0C00224461 /* Info.plist */,
			);
			path = ThirdUIKid;
			sourceTree = "<group>";
		};
/* End PBXGroup section */

/* Begin PBXNativeTarget section */
		E5F42DB124F4DF0B00224461 /* ThirdUIKid */ = {
			isa = PBXNativeTarget;
			buildConfigurationList = E5F42DC624F4DF0C00224461 /* Build configuration list for PBXNativeTarget "ThirdUIKid" */;
			buildPhases = (
				E5F42DAE24F4DF0B00224461 /* Sources */,
				E5F42DAF24F4DF0B00224461 /* Frameworks */,
				E5F42DB024F4DF0B00224461 /* Resources */,
			);
			buildRules = (
			);
			dependencies = (
			);
			name = ThirdUIKid;
			productName = ThirdUIKid;
			productReference = E5F42DB224F4DF0B00224461 /* ThirdUIKid.app */;
			productType = "com.apple.product-type.application";
		};
/* End PBXNativeTarget section */

/* Begin PBXProject section */
		E5F42DAA24F4DF0B00224461 /* Project object */ = {
			isa = PBXProject;
			attributes = {
				LastSwiftUpdateCheck = 1150;
				LastUpgradeCheck = 1150;
				ORGANIZATIONNAME = "Nikita Kochetov";
				TargetAttributes = {
					E5F42DB124F4DF0B00224461 = {
						CreatedOnToolsVersion = 11.5;
					};
				};
			};
			buildConfigurationList = E5F42DAD24F4DF0B00224461 /* Build configuration list for PBXProject "ThirdUIKid" */;
			compatibilityVersion = "Xcode 9.3";
			developmentRegion = en;
			hasScannedForEncodings = 0;
			knownRegions = (
				en,
				Base,
			);
			mainGroup = E5F42DA924F4DF0B00224461;
			productRefGroup = E5F42DB324F4DF0B00224461 /* Products */;
			projectDirPath = "";
			projectRoot = "";
			targets = (
				E5F42DB124F4DF0B00224461 /* ThirdUIKid */,
			);
		};
/* End PBXProject section */

/* Begin PBXResourcesBuildPhase section */
		E5F42DB024F4DF0B00224461 /* Resources */ = {
			isa = PBXResourcesBuildPhase;
			buildActionMask = 2147483647;
			files = (
				E5F42DC224F4DF0C00224461 /* LaunchScreen.storyboard in Resources */,
				E5F42DBF24F4DF0C00224461 /* Assets.xcassets in Resources */,
				E5F42DBD24F4DF0B00224461 /* Main.storyboard in Resources */,
			);
			runOnlyForDeploymentPostprocessing = 0;
		};
/* End PBXResourcesBuildPhase section */

/* Begin PBXSourcesBuildPhase section */
		E5F42DAE24F4DF0B00224461 /* Sources */ = {
			isa = PBXSourcesBuildPhase;
			buildActionMask = 2147483647;
			files = (
				E5F42DBA24F4DF0B00224461 /* ViewController.swift in Sources */,
				E5F42DB624F4DF0B00224461 /* AppDelegate.swift in Sources */,
				E5F42DB824F4DF0B00224461 /* SceneDelegate.swift in Sources */,
			);
			runOnlyForDeploymentPostprocessing = 0;
		};
/* End PBXSourcesBuildPhase section */

/* Begin PBXVariantGroup section */
		E5F42DBB24F4DF0B00224461 /* Main.storyboard */ = {
			isa = PBXVariantGroup;
			children = (
				E5F42DBC24F4DF0B00224461 /* Base */,
			);
			name = Main.storyboard;
			sourceTree = "<group>";
		};
		E5F42DC024F4DF0C00224461 /* LaunchScreen.storyboard */ = {
			isa = PBXVariantGroup;
			children = (
				E5F42DC124F4DF0C00224461 /* Base */,
			);
			name = LaunchScreen.storyboard;
			sourceTree = "<group>";
		};
/* End PBXVariantGroup section */

/* Begin XCBuildConfiguration section */
		E5F42DC424F4DF0C00224461 /* Debug */ = {
			isa = XCBuildConfiguration;
			buildSettings = {
				ALWAYS_SEARCH_USER_PATHS = NO;
				CLANG_ANALYZER_NONNULL = YES;
				CLANG_ANALYZER_NUMBER_OBJECT_CONVERSION = YES_AGGRESSIVE;
				CLANG_CXX_LANGUAGE_STANDARD = "gnu++14";
				CLANG_CXX_LIBRARY = "libc++";
				CLANG_ENABLE_MODULES = YES;
				CLANG_ENABLE_OBJC_ARC = YES;
				CLANG_ENABLE_OBJC_WEAK = YES;
				CLANG_WARN_BLOCK_CAPTURE_AUTORELEASING = YES;
				CLANG_WARN_BOOL_CONVERSION = YES;
				CLANG_WARN_COMMA = YES;
				CLANG_WARN_CONSTANT_CONVERSION = YES;
				CLANG_WARN_DEPRECATED_OBJC_IMPLEMENTATIONS = YES;
				CLANG_WARN_DIRECT_OBJC_ISA_USAGE = YES_ERROR;
				CLANG_WARN_DOCUMENTATION_COMMENTS = YES;
				CLANG_WARN_EMPTY_BODY = YES;
				CLANG_WARN_ENUM_CONVERSION = YES;
				CLANG_WARN_INFINITE_RECURSION = YES;
				CLANG_WARN_INT_CONVERSION = YES;
				CLANG_WARN_NON_LITERAL_NULL_CONVERSION = YES;
				CLANG_WARN_OBJC_IMPLICIT_RETAIN_SELF = YES;
				CLANG_WARN_OBJC_LITERAL_CONVERSION = YES;
				CLANG_WARN_OBJC_ROOT_CLASS = YES_ERROR;
				CLANG_WARN_RANGE_LOOP_ANALYSIS = YES;
				CLANG_WARN_STRICT_PROTOTYPES = YES;
				CLANG_WARN_SUSPICIOUS_MOVE = YES;
				CLANG_WARN_UNGUARDED_AVAILABILITY = YES_AGGRESSIVE;
				CLANG_WARN_UNREACHABLE_CODE = YES;
				CLANG_WARN__DUPLICATE_METHOD_MATCH = YES;
				COPY_PHASE_STRIP = NO;
				DEBUG_INFORMATION_FORMAT = dwarf;
				ENABLE_STRICT_OBJC_MSGSEND = YES;
				ENABLE_TESTABILITY = YES;
				GCC_C_LANGUAGE_STANDARD = gnu11;
				GCC_DYNAMIC_NO_PIC = NO;
				GCC_NO_COMMON_BLOCKS = YES;
				GCC_OPTIMIZATION_LEVEL = 0;
				GCC_PREPROCESSOR_DEFINITIONS = (
					"DEBUG=1",
					"$(inherited)",
				);
				GCC_WARN_64_TO_32_BIT_CONVERSION = YES;
				GCC_WARN_ABOUT_RETURN_TYPE = YES_ERROR;
				GCC_WARN_UNDECLARED_SELECTOR = YES;
				GCC_WARN_UNINITIALIZED_AUTOS = YES_AGGRESSIVE;
				GCC_WARN_UNUSED_FUNCTION = YES;
				GCC_WARN_UNUSED_VARIABLE = YES;
				IPHONEOS_DEPLOYMENT_TARGET = 13.5;
				MTL_ENABLE_DEBUG_INFO = INCLUDE_SOURCE;
				MTL_FAST_MATH = YES;
				ONLY_ACTIVE_ARCH = YES;
				SDKROOT = iphoneos;
				SWIFT_ACTIVE_COMPILATION_CONDITIONS = DEBUG;
				SWIFT_OPTIMIZATION_LEVEL = "-Onone";
			};
			name = Debug;
		};
		E5F42DC524F4DF0C00224461 /* Release */ = {
			isa = XCBuildConfiguration;
			buildSettings = {
				ALWAYS_SEARCH_USER_PATHS = NO;
				CLANG_ANALYZER_NONNULL = YES;
				CLANG_ANALYZER_NUMBER_OBJECT_CONVERSION = YES_AGGRESSIVE;
				CLANG_CXX_LANGUAGE_STANDARD = "gnu++14";
				CLANG_CXX_LIBRARY = "libc++";
				CLANG_ENABLE_MODULES = YES;
				CLANG_ENABLE_OBJC_ARC = YES;
				CLANG_ENABLE_OBJC_WEAK = YES;
				CLANG_WARN_BLOCK_CAPTURE_AUTORELEASING = YES;
				CLANG_WARN_BOOL_CONVERSION = YES;
				CLANG_WARN_COMMA = YES;
				CLANG_WARN_CONSTANT_CONVERSION = YES;
				CLANG_WARN_DEPRECATED_OBJC_IMPLEMENTATIONS = YES;
				CLANG_WARN_DIRECT_OBJC_ISA_USAGE = YES_ERROR;
				CLANG_WARN_DOCUMENTATION_COMMENTS = YES;
				CLANG_WARN_EMPTY_BODY = YES;
				CLANG_WARN_ENUM_CONVERSION = YES;
				CLANG_WARN_INFINITE_RECURSION = YES;
				CLANG_WARN_INT_CONVERSION = YES;
				CLANG_WARN_NON_LITERAL_NULL_CONVERSION = YES;
				CLANG_WARN_OBJC_IMPLICIT_RETAIN_SELF = YES;
				CLANG_WARN_OBJC_LITERAL_CONVERSION = YES;
				CLANG_WARN_OBJC_ROOT_CLASS = YES_ERROR;
				CLANG_WARN_RANGE_LOOP_ANALYSIS = YES;
				CLANG_WARN_STRICT_PROTOTYPES = YES;
				CLANG_WARN_SUSPICIOUS_MOVE = YES;
				CLANG_WARN_UNGUARDED_AVAILABILITY = YES_AGGRESSIVE;
				CLANG_WARN_UNREACHABLE_CODE = YES;
				CLANG_WARN__DUPLICATE_METHOD_MATCH = YES;
				COPY_PHASE_STRIP = NO;
				DEBUG_INFORMATION_FORMAT = "dwarf-with-dsym";
				ENABLE_NS_ASSERTIONS = NO;
				ENABLE_STRICT_OBJC_MSGSEND = YES;
				GCC_C_LANGUAGE_STANDARD = gnu11;
				GCC_NO_COMMON_BLOCKS = YES;
				GCC_WARN_64_TO_32_BIT_CONVERSION = YES;
				GCC_WARN_ABOUT_RETURN_TYPE = YES_ERROR;
				GCC_WARN_UNDECLARED_SELECTOR = YES;
				GCC_WARN_UNINITIALIZED_AUTOS = YES_AGGRESSIVE;
				GCC_WARN_UNUSED_FUNCTION = YES;
				GCC_WARN_UNUSED_VARIABLE = YES;
				IPHONEOS_DEPLOYMENT_TARGET = 13.5;
				MTL_ENABLE_DEBUG_INFO = NO;
				MTL_FAST_MATH = YES;
				SDKROOT = iphoneos;
				SWIFT_COMPILATION_MODE = wholemodule;
				SWIFT_OPTIMIZATION_LEVEL = "-O";
				VALIDATE_PRODUCT = YES;
			};
			name = Release;
		};
		E5F42DC724F4DF0C00224461 /* Debug */ = {
			isa = XCBuildConfiguration;
			buildSettings = {
				ASSETCATALOG_COMPILER_APPICON_NAME = AppIcon;
				CODE_SIGN_STYLE = Automatic;
				DEVELOPMENT_TEAM = UZZW6YBBKN;
				INFOPLIST_FILE = ThirdUIKid/Info.plist;
				LD_RUNPATH_SEARCH_PATHS = (
					"$(inherited)",
					"@executable_path/Frameworks",
				);
				PRODUCT_BUNDLE_IDENTIFIER = nikko.ThirdUIKid;
				PRODUCT_NAME = "$(TARGET_NAME)";
				SWIFT_VERSION = 5.0;
				TARGETED_DEVICE_FAMILY = "1,2";
			};
			name = Debug;
		};
		E5F42DC824F4DF0C00224461 /* Release */ = {
			isa = XCBuildConfiguration;
			buildSettings = {
				ASSETCATALOG_COMPILER_APPICON_NAME = AppIcon;
				CODE_SIGN_STYLE = Automatic;
				DEVELOPMENT_TEAM = UZZW6YBBKN;
				INFOPLIST_FILE = ThirdUIKid/Info.plist;
				LD_RUNPATH_SEARCH_PATHS = (
					"$(inherited)",
					"@executable_path/Frameworks",
				);
				PRODUCT_BUNDLE_IDENTIFIER = nikko.ThirdUIKid;
				PRODUCT_NAME = "$(TARGET_NAME)";
				SWIFT_VERSION = 5.0;
				TARGETED_DEVICE_FAMILY = "1,2";
			};
			name = Release;
		};
/* End XCBuildConfiguration section */

/* Begin XCConfigurationList section */
		E5F42DAD24F4DF0B00224461 /* Build configuration list for PBXProject "ThirdUIKid" */ = {
			isa = XCConfigurationList;
			buildConfigurations = (
				E5F42DC424F4DF0C00224461 /* Debug */,
				E5F42DC524F4DF0C00224461 /* Release */,
			);
			defaultConfigurationIsVisible = 0;
			defaultConfigurationName = Release;
		};
		E5F42DC624F4DF0C00224461 /* Build configuration list for PBXNativeTarget "ThirdUIKid" */ = {
			isa = XCConfigurationList;
			buildConfigurations = (
				E5F42DC724F4DF0C00224461 /* Debug */,
				E5F42DC824F4DF0C00224461 /* Release */,
			);
			defaultConfigurationIsVisible = 0;
			defaultConfigurationName = Release;
		};
/* End XCConfigurationList section */
	};
	rootObject = E5F42DAA24F4DF0B00224461 /* Project object */;
}
